
Microsoft Visual Studio Solution File, Format Version 12.00
# Visual Studio 2012
Project("{FAE04EC0-301F-11D3-BF4B-00C04F79EFBC}") = "06-BinarySearchTree", "06-BinarySearchTree\06-BinarySearchTree.csproj", "{0B4EF279-3184-47E1-9D56-5D953D4B61DF}"
EndProject
Project("{FAE04EC0-301F-11D3-BF4B-00C04F79EFBC}") = "06-BinarySearchTreeUnitTest", "06-BinarySearchTreeUnitTest\06-BinarySearchTreeUnitTest.csproj", "{125B3F1F-3F2F-4642-90AE-C639454347A9}"
EndProject
Global
	GlobalSection(SolutionConfigurationPlatforms) = preSolution
		Debug|Any CPU = Debug|Any CPU
		Release|Any CPU = Release|Any CPU
	EndGlobalSection
	GlobalSection(ProjectConfigurationPlatforms) = postSolution
		{0B4EF279-3184-47E1-9D56-5D953D4B61DF}.Debug|Any CPU.ActiveCfg = Debug|Any CPU
		{0B4EF279-3184-47E1-9D56-5D953D4B61DF}.Debug|Any CPU.Build.0 = Debug|Any CPU
		{0B4EF279-3184-47E1-9D56-5D953D4B61DF}.Release|Any CPU.ActiveCfg = Release|Any CPU
		{0B4EF279-3184-47E1-9D56-5D953D4B61DF}.Release|Any CPU.Build.0 = Release|Any CPU
		{125B3F1F-3F2F-4642-90AE-C639454347A9}.Debug|Any CPU.ActiveCfg = Debug|Any CPU
		{125B3F1F-3F2F-4642-90AE-C639454347A9}.Debug|Any CPU.Build.0 = Debug|Any CPU
		{125B3F1F-3F2F-4642-90AE-C639454347A9}.Release|Any CPU.ActiveCfg = Release|Any CPU
		{125B3F1F-3F2F-4642-90AE-C639454347A9}.Release|Any CPU.Build.0 = Release|Any CPU
	EndGlobalSection
	GlobalSection(SolutionProperties) = preSolution
		HideSolutionNode = FALSE
	EndGlobalSection
EndGlobal
