
Microsoft Visual Studio Solution File, Format Version 12.00
# Visual Studio 2012
Project("{FAE04EC0-301F-11D3-BF4B-00C04F79EFBC}") = "DocumentSystem", "DocumentSystem\DocumentSystem.csproj", "{EA7CE44A-D3AA-4A95-ACB3-E34969F92B74}"
EndProject
Project("{FAE04EC0-301F-11D3-BF4B-00C04F79EFBC}") = "AcademyGeometryAPI", "AcademyGeometryAPI\AcademyGeometryAPI.csproj", "{208137D9-C57E-4916-A0DC-9332DB617720}"
EndProject
Global
	GlobalSection(SolutionConfigurationPlatforms) = preSolution
		Debug|Any CPU = Debug|Any CPU
		Release|Any CPU = Release|Any CPU
	EndGlobalSection
	GlobalSection(ProjectConfigurationPlatforms) = postSolution
		{EA7CE44A-D3AA-4A95-ACB3-E34969F92B74}.Debug|Any CPU.ActiveCfg = Debug|Any CPU
		{EA7CE44A-D3AA-4A95-ACB3-E34969F92B74}.Debug|Any CPU.Build.0 = Debug|Any CPU
		{EA7CE44A-D3AA-4A95-ACB3-E34969F92B74}.Release|Any CPU.ActiveCfg = Release|Any CPU
		{EA7CE44A-D3AA-4A95-ACB3-E34969F92B74}.Release|Any CPU.Build.0 = Release|Any CPU
		{208137D9-C57E-4916-A0DC-9332DB617720}.Debug|Any CPU.ActiveCfg = Debug|Any CPU
		{208137D9-C57E-4916-A0DC-9332DB617720}.Debug|Any CPU.Build.0 = Debug|Any CPU
		{208137D9-C57E-4916-A0DC-9332DB617720}.Release|Any CPU.ActiveCfg = Release|Any CPU
		{208137D9-C57E-4916-A0DC-9332DB617720}.Release|Any CPU.Build.0 = Release|Any CPU
	EndGlobalSection
	GlobalSection(SolutionProperties) = preSolution
		HideSolutionNode = FALSE
	EndGlobalSection
EndGlobal
